
Microsoft Visual Studio Solution File, Format Version 12.00
# Visual Studio 15
VisualStudioVersion = 15.0.26730.15
MinimumVisualStudioVersion = 10.0.40219.1
Project("{9A19103F-16F7-4668-BE54-9A1E7A4F7556}") = "ChatApp", "ChatApp\ChatApp.csproj", "{15BF8D2B-833D-49E1-9624-9EE461110CD7}"
EndProject
Project("{FAE04EC0-301F-11D3-BF4B-00C04F79EFBC}") = "ChatApp.Tests", "ChatApp.Tests\ChatApp.Tests.csproj", "{5C53EABC-B5ED-4785-8721-E8FFDACF9EDD}"
EndProject
Global
	GlobalSection(SolutionConfigurationPlatforms) = preSolution
		Debug|Any CPU = Debug|Any CPU
		Release|Any CPU = Release|Any CPU
	EndGlobalSection
	GlobalSection(ProjectConfigurationPlatforms) = postSolution
		{15BF8D2B-833D-49E1-9624-9EE461110CD7}.Debug|Any CPU.ActiveCfg = Debug|Any CPU
		{15BF8D2B-833D-49E1-9624-9EE461110CD7}.Debug|Any CPU.Build.0 = Debug|Any CPU
		{15BF8D2B-833D-49E1-9624-9EE461110CD7}.Release|Any CPU.ActiveCfg = Release|Any CPU
		{15BF8D2B-833D-49E1-9624-9EE461110CD7}.Release|Any CPU.Build.0 = Release|Any CPU
		{5C53EABC-B5ED-4785-8721-E8FFDACF9EDD}.Debug|Any CPU.ActiveCfg = Debug|Any CPU
		{5C53EABC-B5ED-4785-8721-E8FFDACF9EDD}.Debug|Any CPU.Build.0 = Debug|Any CPU
		{5C53EABC-B5ED-4785-8721-E8FFDACF9EDD}.Release|Any CPU.ActiveCfg = Release|Any CPU
		{5C53EABC-B5ED-4785-8721-E8FFDACF9EDD}.Release|Any CPU.Build.0 = Release|Any CPU
	EndGlobalSection
	GlobalSection(SolutionProperties) = preSolution
		HideSolutionNode = FALSE
	EndGlobalSection
	GlobalSection(ExtensibilityGlobals) = postSolution
		SolutionGuid = {70A903C6-4A7B-445F-A544-E455BB0A0FA2}
	EndGlobalSection
EndGlobal
